
Microsoft Visual Studio Solution File, Format Version 11.00
# Visual Studio 2010
Project("{FAE04EC0-301F-11D3-BF4B-00C04F79EFBC}") = "Assembly-CSharp", "Assembly-CSharp.csproj", "{5F4EB8E3-86FF-180F-84BD-20FCA94F8542}"
EndProject
Project("{FAE04EC0-301F-11D3-BF4B-00C04F79EFBC}") = "Assembly-CSharp-firstpass", "Assembly-CSharp-firstpass.csproj", "{F40773CB-A29B-B000-6A6A-E96267E87FB6}"
EndProject
Project("{FAE04EC0-301F-11D3-BF4B-00C04F79EFBC}") = "Assembly-CSharp-Editor-firstpass", "Assembly-CSharp-Editor-firstpass.csproj", "{514820BC-109B-1323-AC8A-5B19762D906B}"
EndProject
Global
	GlobalSection(SolutionConfigurationPlatforms) = preSolution
		Debug|Any CPU = Debug|Any CPU
		Release|Any CPU = Release|Any CPU
	EndGlobalSection
	GlobalSection(ProjectConfigurationPlatforms) = postSolution
		{5F4EB8E3-86FF-180F-84BD-20FCA94F8542}.Debug|Any CPU.ActiveCfg = Debug|Any CPU
		{5F4EB8E3-86FF-180F-84BD-20FCA94F8542}.Debug|Any CPU.Build.0 = Debug|Any CPU
		{5F4EB8E3-86FF-180F-84BD-20FCA94F8542}.Release|Any CPU.ActiveCfg = Release|Any CPU
		{5F4EB8E3-86FF-180F-84BD-20FCA94F8542}.Release|Any CPU.Build.0 = Release|Any CPU
		{F40773CB-A29B-B000-6A6A-E96267E87FB6}.Debug|Any CPU.ActiveCfg = Debug|Any CPU
		{F40773CB-A29B-B000-6A6A-E96267E87FB6}.Debug|Any CPU.Build.0 = Debug|Any CPU
		{F40773CB-A29B-B000-6A6A-E96267E87FB6}.Release|Any CPU.ActiveCfg = Release|Any CPU
		{F40773CB-A29B-B000-6A6A-E96267E87FB6}.Release|Any CPU.Build.0 = Release|Any CPU
		{514820BC-109B-1323-AC8A-5B19762D906B}.Debug|Any CPU.ActiveCfg = Debug|Any CPU
		{514820BC-109B-1323-AC8A-5B19762D906B}.Debug|Any CPU.Build.0 = Debug|Any CPU
		{514820BC-109B-1323-AC8A-5B19762D906B}.Release|Any CPU.ActiveCfg = Release|Any CPU
		{514820BC-109B-1323-AC8A-5B19762D906B}.Release|Any CPU.Build.0 = Release|Any CPU
	EndGlobalSection
	GlobalSection(SolutionProperties) = preSolution
		HideSolutionNode = FALSE
	EndGlobalSection
	GlobalSection(MonoDevelopProperties) = preSolution
		StartupItem = Assembly-CSharp.csproj
	EndGlobalSection
EndGlobal
